
Microsoft Visual Studio Solution File, Format Version 12.00
# Visual Studio 15
VisualStudioVersion = 15.0.26730.12
MinimumVisualStudioVersion = 10.0.40219.1
Project("{9A19103F-16F7-4668-BE54-9A1E7A4F7556}") = "Bercut.Mpm.Api", "Bercut.Mpm.Api\Bercut.Mpm.Api.csproj", "{C4C9F5E8-FAC1-4933-AFF0-BC3D2EDF12CA}"
EndProject
Project("{9A19103F-16F7-4668-BE54-9A1E7A4F7556}") = "Bercut.Mpm.Api.Demo", "Bercut.Mpm.Api.Demo\Bercut.Mpm.Api.Demo.csproj", "{50CE094E-BB8A-4BE4-BE22-DDD5FAD8E8A8}"
EndProject
Global
	GlobalSection(SolutionConfigurationPlatforms) = preSolution
		Debug|Any CPU = Debug|Any CPU
		Release|Any CPU = Release|Any CPU
	EndGlobalSection
	GlobalSection(ProjectConfigurationPlatforms) = postSolution
		{C4C9F5E8-FAC1-4933-AFF0-BC3D2EDF12CA}.Debug|Any CPU.ActiveCfg = Debug|Any CPU
		{C4C9F5E8-FAC1-4933-AFF0-BC3D2EDF12CA}.Debug|Any CPU.Build.0 = Debug|Any CPU
		{C4C9F5E8-FAC1-4933-AFF0-BC3D2EDF12CA}.Release|Any CPU.ActiveCfg = Release|Any CPU
		{C4C9F5E8-FAC1-4933-AFF0-BC3D2EDF12CA}.Release|Any CPU.Build.0 = Release|Any CPU
		{50CE094E-BB8A-4BE4-BE22-DDD5FAD8E8A8}.Debug|Any CPU.ActiveCfg = Debug|Any CPU
		{50CE094E-BB8A-4BE4-BE22-DDD5FAD8E8A8}.Debug|Any CPU.Build.0 = Debug|Any CPU
		{50CE094E-BB8A-4BE4-BE22-DDD5FAD8E8A8}.Release|Any CPU.ActiveCfg = Release|Any CPU
		{50CE094E-BB8A-4BE4-BE22-DDD5FAD8E8A8}.Release|Any CPU.Build.0 = Release|Any CPU
	EndGlobalSection
	GlobalSection(SolutionProperties) = preSolution
		HideSolutionNode = FALSE
	EndGlobalSection
	GlobalSection(ExtensibilityGlobals) = postSolution
		SolutionGuid = {208FFE43-CF7B-41BE-99CD-C55C5CAA5561}
	EndGlobalSection
EndGlobal
